
Microsoft Visual Studio Solution File, Format Version 12.00
# Visual Studio Version 17
VisualStudioVersion = 17.9.34728.123
MinimumVisualStudioVersion = 10.0.40219.1
Project("{FAE04EC0-301F-11D3-BF4B-00C04F79EFBC}") = "PIM-III-ADS-ADM", "PIM-III-ADS-ADM\PIM-III-ADS-ADM.csproj", "{82DA89ED-4D76-4485-A4CF-FFEF820BAB81}"
EndProject
Global
	GlobalSection(SolutionConfigurationPlatforms) = preSolution
		Debug|Any CPU = Debug|Any CPU
		Release|Any CPU = Release|Any CPU
	EndGlobalSection
	GlobalSection(ProjectConfigurationPlatforms) = postSolution
		{82DA89ED-4D76-4485-A4CF-FFEF820BAB81}.Debug|Any CPU.ActiveCfg = Debug|Any CPU
		{82DA89ED-4D76-4485-A4CF-FFEF820BAB81}.Debug|Any CPU.Build.0 = Debug|Any CPU
		{82DA89ED-4D76-4485-A4CF-FFEF820BAB81}.Release|Any CPU.ActiveCfg = Release|Any CPU
		{82DA89ED-4D76-4485-A4CF-FFEF820BAB81}.Release|Any CPU.Build.0 = Release|Any CPU
	EndGlobalSection
	GlobalSection(SolutionProperties) = preSolution
		HideSolutionNode = FALSE
	EndGlobalSection
	GlobalSection(ExtensibilityGlobals) = postSolution
		SolutionGuid = {1432ECB3-8D61-4EE9-8791-6A803BBB117E}
	EndGlobalSection
EndGlobal
